// !$*UTF8*$!
{
	archiveVersion = 1;
	classes = {
	};
	objectVersion = 46;
	objects = {

/* Begin PBXBuildFile section */
		C160595419AE1DF800ACF025 /* Foundation.framework in Frameworks */ = {isa = PBXBuildFile; fileRef = C160595319AE1DF800ACF025 /* Foundation.framework */; };
		C160595619AE1DF800ACF025 /* CoreGraphics.framework in Frameworks */ = {isa = PBXBuildFile; fileRef = C160595519AE1DF800ACF025 /* CoreGraphics.framework */; };
		C160595819AE1DF800ACF025 /* UIKit.framework in Frameworks */ = {isa = PBXBuildFile; fileRef = C160595719AE1DF800ACF025 /* UIKit.framework */; };
		C160595A19AE1DF800ACF025 /* CoreData.framework in Frameworks */ = {isa = PBXBuildFile; fileRef = C160595919AE1DF800ACF025 /* CoreData.framework */; };
		C160596019AE1DF800ACF025 /* InfoPlist.strings in Resources */ = {isa = PBXBuildFile; fileRef = C160595E19AE1DF800ACF025 /* InfoPlist.strings */; };
		C160596219AE1DF800ACF025 /* main.m in Sources */ = {isa = PBXBuildFile; fileRef = C160596119AE1DF800ACF025 /* main.m */; };
		C160596619AE1DF800ACF025 /* WZAppDelegate.m in Sources */ = {isa = PBXBuildFile; fileRef = C160596519AE1DF800ACF025 /* WZAppDelegate.m */; };
		C160596919AE1DF800ACF025 /* Main.storyboard in Resources */ = {isa = PBXBuildFile; fileRef = C160596719AE1DF800ACF025 /* Main.storyboard */; };
		C160596C19AE1DF800ACF025 /* Locate_Products.xcdatamodeld in Sources */ = {isa = PBXBuildFile; fileRef = C160596A19AE1DF800ACF025 /* Locate_Products.xcdatamodeld */; };
		C160596F19AE1DF800ACF025 /* WZMasterViewController.m in Sources */ = {isa = PBXBuildFile; fileRef = C160596E19AE1DF800ACF025 /* WZMasterViewController.m */; };
		C160597219AE1DF800ACF025 /* WZDetailViewController.m in Sources */ = {isa = PBXBuildFile; fileRef = C160597119AE1DF800ACF025 /* WZDetailViewController.m */; };
		C160597419AE1DF800ACF025 /* Images.xcassets in Resources */ = {isa = PBXBuildFile; fileRef = C160597319AE1DF800ACF025 /* Images.xcassets */; };
		C160597B19AE1DF800ACF025 /* XCTest.framework in Frameworks */ = {isa = PBXBuildFile; fileRef = C160597A19AE1DF800ACF025 /* XCTest.framework */; };
		C160597C19AE1DF800ACF025 /* Foundation.framework in Frameworks */ = {isa = PBXBuildFile; fileRef = C160595319AE1DF800ACF025 /* Foundation.framework */; };
		C160597D19AE1DF800ACF025 /* UIKit.framework in Frameworks */ = {isa = PBXBuildFile; fileRef = C160595719AE1DF800ACF025 /* UIKit.framework */; };
		C160597E19AE1DF800ACF025 /* CoreData.framework in Frameworks */ = {isa = PBXBuildFile; fileRef = C160595919AE1DF800ACF025 /* CoreData.framework */; };
		C160598619AE1DF800ACF025 /* InfoPlist.strings in Resources */ = {isa = PBXBuildFile; fileRef = C160598419AE1DF800ACF025 /* InfoPlist.strings */; };
		C160598819AE1DF800ACF025 /* Locate_ProductsTests.m in Sources */ = {isa = PBXBuildFile; fileRef = C160598719AE1DF800ACF025 /* Locate_ProductsTests.m */; };
		C160599319AE265600ACF025 /* WZProduct.m in Sources */ = {isa = PBXBuildFile; fileRef = C160599219AE265600ACF025 /* WZProduct.m */; };
		C19E99AD19AE58950050A433 /* WZTableViewCell.m in Sources */ = {isa = PBXBuildFile; fileRef = C19E99AC19AE58950050A433 /* WZTableViewCell.m */; };
/* End PBXBuildFile section */

/* Begin PBXContainerItemProxy section */
		C160597F19AE1DF800ACF025 /* PBXContainerItemProxy */ = {
			isa = PBXContainerItemProxy;
			containerPortal = C160594819AE1DF700ACF025 /* Project object */;
			proxyType = 1;
			remoteGlobalIDString = C160594F19AE1DF700ACF025;
			remoteInfo = "Locate Products";
		};
/* End PBXContainerItemProxy section */

/* Begin PBXFileReference section */
		C160595019AE1DF800ACF025 /* Locate Products.app */ = {isa = PBXFileReference; explicitFileType = wrapper.application; includeInIndex = 0; path = "Locate Products.app"; sourceTree = BUILT_PRODUCTS_DIR; };
		C160595319AE1DF800ACF025 /* Foundation.framework */ = {isa = PBXFileReference; lastKnownFileType = wrapper.framework; name = Foundation.framework; path = System/Library/Frameworks/Foundation.framework; sourceTree = SDKROOT; };
		C160595519AE1DF800ACF025 /* CoreGraphics.framework */ = {isa = PBXFileReference; lastKnownFileType = wrapper.framework; name = CoreGraphics.framework; path = System/Library/Frameworks/CoreGraphics.framework; sourceTree = SDKROOT; };
		C160595719AE1DF800ACF025 /* UIKit.framework */ = {isa = PBXFileReference; lastKnownFileType = wrapper.framework; name = UIKit.framework; path = System/Library/Frameworks/UIKit.framework; sourceTree = SDKROOT; };
		C160595919AE1DF800ACF025 /* CoreData.framework */ = {isa = PBXFileReference; lastKnownFileType = wrapper.framework; name = CoreData.framework; path = System/Library/Frameworks/CoreData.framework; sourceTree = SDKROOT; };
		C160595D19AE1DF800ACF025 /* Locate Products-Info.plist */ = {isa = PBXFileReference; lastKnownFileType = text.plist.xml; path = "Locate Products-Info.plist"; sourceTree = "<group>"; };
		C160595F19AE1DF800ACF025 /* en */ = {isa = PBXFileReference; lastKnownFileType = text.plist.strings; name = en; path = en.lproj/InfoPlist.strings; sourceTree = "<group>"; };
		C160596119AE1DF800ACF025 /* main.m */ = {isa = PBXFileReference; lastKnownFileType = sourcecode.c.objc; path = main.m; sourceTree = "<group>"; };
		C160596319AE1DF800ACF025 /* Locate Products-Prefix.pch */ = {isa = PBXFileReference; lastKnownFileType = sourcecode.c.h; path = "Locate Products-Prefix.pch"; sourceTree = "<group>"; };
		C160596419AE1DF800ACF025 /* WZAppDelegate.h */ = {isa = PBXFileReference; lastKnownFileType = sourcecode.c.h; path = WZAppDelegate.h; sourceTree = "<group>"; };
		C160596519AE1DF800ACF025 /* WZAppDelegate.m */ = {isa = PBXFileReference; lastKnownFileType = sourcecode.c.objc; path = WZAppDelegate.m; sourceTree = "<group>"; };
		C160596819AE1DF800ACF025 /* Base */ = {isa = PBXFileReference; lastKnownFileType = file.storyboard; name = Base; path = Base.lproj/Main.storyboard; sourceTree = "<group>"; };
		C160596B19AE1DF800ACF025 /* Locate_Products.xcdatamodel */ = {isa = PBXFileReference; lastKnownFileType = wrapper.xcdatamodel; path = Locate_Products.xcdatamodel; sourceTree = "<group>"; };
		C160596D19AE1DF800ACF025 /* WZMasterViewController.h */ = {isa = PBXFileReference; lastKnownFileType = sourcecode.c.h; path = WZMasterViewController.h; sourceTree = "<group>"; };
		C160596E19AE1DF800ACF025 /* WZMasterViewController.m */ = {isa = PBXFileReference; lastKnownFileType = sourcecode.c.objc; path = WZMasterViewController.m; sourceTree = "<group>"; };
		C160597019AE1DF800ACF025 /* WZDetailViewController.h */ = {isa = PBXFileReference; lastKnownFileType = sourcecode.c.h; path = WZDetailViewController.h; sourceTree = "<group>"; };
		C160597119AE1DF800ACF025 /* WZDetailViewController.m */ = {isa = PBXFileReference; lastKnownFileType = sourcecode.c.objc; path = WZDetailViewController.m; sourceTree = "<group>"; };
		C160597319AE1DF800ACF025 /* Images.xcassets */ = {isa = PBXFileReference; lastKnownFileType = folder.assetcatalog; path = Images.xcassets; sourceTree = "<group>"; };
		C160597919AE1DF800ACF025 /* Locate ProductsTests.xctest */ = {isa = PBXFileReference; explicitFileType = wrapper.cfbundle; includeInIndex = 0; path = "Locate ProductsTests.xctest"; sourceTree = BUILT_PRODUCTS_DIR; };
		C160597A19AE1DF800ACF025 /* XCTest.framework */ = {isa = PBXFileReference; lastKnownFileType = wrapper.framework; name = XCTest.framework; path = Library/Frameworks/XCTest.framework; sourceTree = DEVELOPER_DIR; };
		C160598319AE1DF800ACF025 /* Locate ProductsTests-Info.plist */ = {isa = PBXFileReference; lastKnownFileType = text.plist.xml; path = "Locate ProductsTests-Info.plist"; sourceTree = "<group>"; };
		C160598519AE1DF800ACF025 /* en */ = {isa = PBXFileReference; lastKnownFileType = text.plist.strings; name = en; path = en.lproj/InfoPlist.strings; sourceTree = "<group>"; };
		C160598719AE1DF800ACF025 /* Locate_ProductsTests.m */ = {isa = PBXFileReference; lastKnownFileType = sourcecode.c.objc; path = Locate_ProductsTests.m; sourceTree = "<group>"; };
		C160599119AE265600ACF025 /* WZProduct.h */ = {isa = PBXFileReference; fileEncoding = 4; lastKnownFileType = sourcecode.c.h; name = WZProduct.h; path = ../WZProduct.h; sourceTree = "<group>"; };
		C160599219AE265600ACF025 /* WZProduct.m */ = {isa = PBXFileReference; fileEncoding = 4; lastKnownFileType = sourcecode.c.objc; name = WZProduct.m; path = ../WZProduct.m; sourceTree = "<group>"; };
		C19E99AB19AE58950050A433 /* WZTableViewCell.h */ = {isa = PBXFileReference; fileEncoding = 4; lastKnownFileType = sourcecode.c.h; path = WZTableViewCell.h; sourceTree = "<group>"; };
		C19E99AC19AE58950050A433 /* WZTableViewCell.m */ = {isa = PBXFileReference; fileEncoding = 4; lastKnownFileType = sourcecode.c.objc; path = WZTableViewCell.m; sourceTree = "<group>"; };
/* End PBXFileReference section */

/* Begin PBXFrameworksBuildPhase section */
		C160594D19AE1DF700ACF025 /* Frameworks */ = {
			isa = PBXFrameworksBuildPhase;
			buildActionMask = 2147483647;
			files = (
				C160595619AE1DF800ACF025 /* CoreGraphics.framework in Frameworks */,
				C160595A19AE1DF800ACF025 /* CoreData.framework in Frameworks */,
				C160595819AE1DF800ACF025 /* UIKit.framework in Frameworks */,
				C160595419AE1DF800ACF025 /* Foundation.framework in Frameworks */,
			);
			runOnlyForDeploymentPostprocessing = 0;
		};
		C160597619AE1DF800ACF025 /* Frameworks */ = {
			isa = PBXFrameworksBuildPhase;
			buildActionMask = 2147483647;
			files = (
				C160597B19AE1DF800ACF025 /* XCTest.framework in Frameworks */,
				C160597E19AE1DF800ACF025 /* CoreData.framework in Frameworks */,
				C160597D19AE1DF800ACF025 /* UIKit.framework in Frameworks */,
				C160597C19AE1DF800ACF025 /* Foundation.framework in Frameworks */,
			);
			runOnlyForDeploymentPostprocessing = 0;
		};
/* End PBXFrameworksBuildPhase section */

/* Begin PBXGroup section */
		C160594719AE1DF700ACF025 = {
			isa = PBXGroup;
			children = (
				C160595B19AE1DF800ACF025 /* Locate Products */,
				C160598119AE1DF800ACF025 /* Locate ProductsTests */,
				C160595219AE1DF800ACF025 /* Frameworks */,
				C160595119AE1DF800ACF025 /* Products */,
			);
			sourceTree = "<group>";
		};
		C160595119AE1DF800ACF025 /* Products */ = {
			isa = PBXGroup;
			children = (
				C160595019AE1DF800ACF025 /* Locate Products.app */,
				C160597919AE1DF800ACF025 /* Locate ProductsTests.xctest */,
			);
			name = Products;
			sourceTree = "<group>";
		};
		C160595219AE1DF800ACF025 /* Frameworks */ = {
			isa = PBXGroup;
			children = (
				C160595319AE1DF800ACF025 /* Foundation.framework */,
				C160595519AE1DF800ACF025 /* CoreGraphics.framework */,
				C160595719AE1DF800ACF025 /* UIKit.framework */,
				C160595919AE1DF800ACF025 /* CoreData.framework */,
				C160597A19AE1DF800ACF025 /* XCTest.framework */,
			);
			name = Frameworks;
			sourceTree = "<group>";
		};
		C160595B19AE1DF800ACF025 /* Locate Products */ = {
			isa = PBXGroup;
			children = (
				C160599119AE265600ACF025 /* WZProduct.h */,
				C160599219AE265600ACF025 /* WZProduct.m */,
				C19E99AB19AE58950050A433 /* WZTableViewCell.h */,
				C19E99AC19AE58950050A433 /* WZTableViewCell.m */,
				C160596D19AE1DF800ACF025 /* WZMasterViewController.h */,
				C160596E19AE1DF800ACF025 /* WZMasterViewController.m */,
				C160597019AE1DF800ACF025 /* WZDetailViewController.h */,
				C160597119AE1DF800ACF025 /* WZDetailViewController.m */,
				C160596419AE1DF800ACF025 /* WZAppDelegate.h */,
				C160596519AE1DF800ACF025 /* WZAppDelegate.m */,
				C160596719AE1DF800ACF025 /* Main.storyboard */,
				C160597319AE1DF800ACF025 /* Images.xcassets */,
				C160596A19AE1DF800ACF025 /* Locate_Products.xcdatamodeld */,
				C160595C19AE1DF800ACF025 /* Supporting Files */,
			);
			path = "Locate Products";
			sourceTree = "<group>";
		};
		C160595C19AE1DF800ACF025 /* Supporting Files */ = {
			isa = PBXGroup;
			children = (
				C160595D19AE1DF800ACF025 /* Locate Products-Info.plist */,
				C160595E19AE1DF800ACF025 /* InfoPlist.strings */,
				C160596119AE1DF800ACF025 /* main.m */,
				C160596319AE1DF800ACF025 /* Locate Products-Prefix.pch */,
			);
			name = "Supporting Files";
			sourceTree = "<group>";
		};
		C160598119AE1DF800ACF025 /* Locate ProductsTests */ = {
			isa = PBXGroup;
			children = (
				C160598719AE1DF800ACF025 /* Locate_ProductsTests.m */,
				C160598219AE1DF800ACF025 /* Supporting Files */,
			);
			path = "Locate ProductsTests";
			sourceTree = "<group>";
		};
		C160598219AE1DF800ACF025 /* Supporting Files */ = {
			isa = PBXGroup;
			children = (
				C160598319AE1DF800ACF025 /* Locate ProductsTests-Info.plist */,
				C160598419AE1DF800ACF025 /* InfoPlist.strings */,
			);
			name = "Supporting Files";
			sourceTree = "<group>";
		};
/* End PBXGroup section */

/* Begin PBXNativeTarget section */
		C160594F19AE1DF700ACF025 /* Locate Products */ = {
			isa = PBXNativeTarget;
			buildConfigurationList = C160598B19AE1DF800ACF025 /* Build configuration list for PBXNativeTarget "Locate Products" */;
			buildPhases = (
				C160594C19AE1DF700ACF025 /* Sources */,
				C160594D19AE1DF700ACF025 /* Frameworks */,
				C160594E19AE1DF700ACF025 /* Resources */,
			);
			buildRules = (
			);
			dependencies = (
			);
			name = "Locate Products";
			productName = "Locate Products";
			productReference = C160595019AE1DF800ACF025 /* Locate Products.app */;
			productType = "com.apple.product-type.application";
		};
		C160597819AE1DF800ACF025 /* Locate ProductsTests */ = {
			isa = PBXNativeTarget;
			buildConfigurationList = C160598E19AE1DF800ACF025 /* Build configuration list for PBXNativeTarget "Locate ProductsTests" */;
			buildPhases = (
				C160597519AE1DF800ACF025 /* Sources */,
				C160597619AE1DF800ACF025 /* Frameworks */,
				C160597719AE1DF800ACF025 /* Resources */,
			);
			buildRules = (
			);
			dependencies = (
				C160598019AE1DF800ACF025 /* PBXTargetDependency */,
			);
			name = "Locate ProductsTests";
			productName = "Locate ProductsTests";
			productReference = C160597919AE1DF800ACF025 /* Locate ProductsTests.xctest */;
			productType = "com.apple.product-type.bundle.unit-test";
		};
/* End PBXNativeTarget section */

/* Begin PBXProject section */
		C160594819AE1DF700ACF025 /* Project object */ = {
			isa = PBXProject;
			attributes = {
				CLASSPREFIX = WZ;
				LastUpgradeCheck = 0510;
				ORGANIZATIONNAME = "Wartz Studio";
				TargetAttributes = {
					C160597819AE1DF800ACF025 = {
						TestTargetID = C160594F19AE1DF700ACF025;
					};
				};
			};
			buildConfigurationList = C160594B19AE1DF700ACF025 /* Build configuration list for PBXProject "Locate Products" */;
			compatibilityVersion = "Xcode 3.2";
			developmentRegion = English;
			hasScannedForEncodings = 0;
			knownRegions = (
				en,
				Base,
			);
			mainGroup = C160594719AE1DF700ACF025;
			productRefGroup = C160595119AE1DF800ACF025 /* Products */;
			projectDirPath = "";
			projectRoot = "";
			targets = (
				C160594F19AE1DF700ACF025 /* Locate Products */,
				C160597819AE1DF800ACF025 /* Locate ProductsTests */,
			);
		};
/* End PBXProject section */

/* Begin PBXResourcesBuildPhase section */
		C160594E19AE1DF700ACF025 /* Resources */ = {
			isa = PBXResourcesBuildPhase;
			buildActionMask = 2147483647;
			files = (
				C160597419AE1DF800ACF025 /* Images.xcassets in Resources */,
				C160596019AE1DF800ACF025 /* InfoPlist.strings in Resources */,
				C160596919AE1DF800ACF025 /* Main.storyboard in Resources */,
			);
			runOnlyForDeploymentPostprocessing = 0;
		};
		C160597719AE1DF800ACF025 /* Resources */ = {
			isa = PBXResourcesBuildPhase;
			buildActionMask = 2147483647;
			files = (
				C160598619AE1DF800ACF025 /* InfoPlist.strings in Resources */,
			);
			runOnlyForDeploymentPostprocessing = 0;
		};
/* End PBXResourcesBuildPhase section */

/* Begin PBXSourcesBuildPhase section */
		C160594C19AE1DF700ACF025 /* Sources */ = {
			isa = PBXSourcesBuildPhase;
			buildActionMask = 2147483647;
			files = (
				C160596219AE1DF800ACF025 /* main.m in Sources */,
				C160596619AE1DF800ACF025 /* WZAppDelegate.m in Sources */,
				C160597219AE1DF800ACF025 /* WZDetailViewController.m in Sources */,
				C160596C19AE1DF800ACF025 /* Locate_Products.xcdatamodeld in Sources */,
				C160599319AE265600ACF025 /* WZProduct.m in Sources */,
				C19E99AD19AE58950050A433 /* WZTableViewCell.m in Sources */,
				C160596F19AE1DF800ACF025 /* WZMasterViewController.m in Sources */,
			);
			runOnlyForDeploymentPostprocessing = 0;
		};
		C160597519AE1DF800ACF025 /* Sources */ = {
			isa = PBXSourcesBuildPhase;
			buildActionMask = 2147483647;
			files = (
				C160598819AE1DF800ACF025 /* Locate_ProductsTests.m in Sources */,
			);
			runOnlyForDeploymentPostprocessing = 0;
		};
/* End PBXSourcesBuildPhase section */

/* Begin PBXTargetDependency section */
		C160598019AE1DF800ACF025 /* PBXTargetDependency */ = {
			isa = PBXTargetDependency;
			target = C160594F19AE1DF700ACF025 /* Locate Products */;
			targetProxy = C160597F19AE1DF800ACF025 /* PBXContainerItemProxy */;
		};
/* End PBXTargetDependency section */

/* Begin PBXVariantGroup section */
		C160595E19AE1DF800ACF025 /* InfoPlist.strings */ = {
			isa = PBXVariantGroup;
			children = (
				C160595F19AE1DF800ACF025 /* en */,
			);
			name = InfoPlist.strings;
			sourceTree = "<group>";
		};
		C160596719AE1DF800ACF025 /* Main.storyboard */ = {
			isa = PBXVariantGroup;
			children = (
				C160596819AE1DF800ACF025 /* Base */,
			);
			name = Main.storyboard;
			sourceTree = "<group>";
		};
		C160598419AE1DF800ACF025 /* InfoPlist.strings */ = {
			isa = PBXVariantGroup;
			children = (
				C160598519AE1DF800ACF025 /* en */,
			);
			name = InfoPlist.strings;
			sourceTree = "<group>";
		};
/* End PBXVariantGroup section */

/* Begin XCBuildConfiguration section */
		C160598919AE1DF800ACF025 /* Debug */ = {
			isa = XCBuildConfiguration;
			buildSettings = {
				ALWAYS_SEARCH_USER_PATHS = NO;
				CLANG_CXX_LANGUAGE_STANDARD = "gnu++0x";
				CLANG_CXX_LIBRARY = "libc++";
				CLANG_ENABLE_MODULES = YES;
				CLANG_ENABLE_OBJC_ARC = YES;
				CLANG_WARN_BOOL_CONVERSION = YES;
				CLANG_WARN_CONSTANT_CONVERSION = YES;
				CLANG_WARN_DIRECT_OBJC_ISA_USAGE = YES_ERROR;
				CLANG_WARN_EMPTY_BODY = YES;
				CLANG_WARN_ENUM_CONVERSION = YES;
				CLANG_WARN_INT_CONVERSION = YES;
				CLANG_WARN_OBJC_ROOT_CLASS = YES_ERROR;
				CLANG_WARN__DUPLICATE_METHOD_MATCH = YES;
				"CODE_SIGN_IDENTITY[sdk=iphoneos*]" = "iPhone Developer";
				COPY_PHASE_STRIP = NO;
				GCC_C_LANGUAGE_STANDARD = gnu99;
				GCC_DYNAMIC_NO_PIC = NO;
				GCC_OPTIMIZATION_LEVEL = 0;
				GCC_PREPROCESSOR_DEFINITIONS = (
					"DEBUG=1",
					"$(inherited)",
				);
				GCC_SYMBOLS_PRIVATE_EXTERN = NO;
				GCC_WARN_64_TO_32_BIT_CONVERSION = YES;
				GCC_WARN_ABOUT_RETURN_TYPE = YES_ERROR;
				GCC_WARN_UNDECLARED_SELECTOR = YES;
				GCC_WARN_UNINITIALIZED_AUTOS = YES_AGGRESSIVE;
				GCC_WARN_UNUSED_FUNCTION = YES;
				GCC_WARN_UNUSED_VARIABLE = YES;
				IPHONEOS_DEPLOYMENT_TARGET = 7.1;
				ONLY_ACTIVE_ARCH = YES;
				SDKROOT = iphoneos;
				TARGETED_DEVICE_FAMILY = 2;
			};
			name = Debug;
		};
		C160598A19AE1DF800ACF025 /* Release */ = {
			isa = XCBuildConfiguration;
			buildSettings = {
				ALWAYS_SEARCH_USER_PATHS = NO;
				CLANG_CXX_LANGUAGE_STANDARD = "gnu++0x";
				CLANG_CXX_LIBRARY = "libc++";
				CLANG_ENABLE_MODULES = YES;
				CLANG_ENABLE_OBJC_ARC = YES;
				CLANG_WARN_BOOL_CONVERSION = YES;
				CLANG_WARN_CONSTANT_CONVERSION = YES;
				CLANG_WARN_DIRECT_OBJC_ISA_USAGE = YES_ERROR;
				CLANG_WARN_EMPTY_BODY = YES;
				CLANG_WARN_ENUM_CONVERSION = YES;
				CLANG_WARN_INT_CONVERSION = YES;
				CLANG_WARN_OBJC_ROOT_CLASS = YES_ERROR;
				CLANG_WARN__DUPLICATE_METHOD_MATCH = YES;
				"CODE_SIGN_IDENTITY[sdk=iphoneos*]" = "iPhone Developer";
				COPY_PHASE_STRIP = YES;
				ENABLE_NS_ASSERTIONS = NO;
				GCC_C_LANGUAGE_STANDARD = gnu99;
				GCC_WARN_64_TO_32_BIT_CONVERSION = YES;
				GCC_WARN_ABOUT_RETURN_TYPE = YES_ERROR;
				GCC_WARN_UNDECLARED_SELECTOR = YES;
				GCC_WARN_UNINITIALIZED_AUTOS = YES_AGGRESSIVE;
				GCC_WARN_UNUSED_FUNCTION = YES;
				GCC_WARN_UNUSED_VARIABLE = YES;
				IPHONEOS_DEPLOYMENT_TARGET = 7.1;
				SDKROOT = iphoneos;
				TARGETED_DEVICE_FAMILY = 2;
				VALIDATE_PRODUCT = YES;
			};
			name = Release;
		};
		C160598C19AE1DF800ACF025 /* Debug */ = {
			isa = XCBuildConfiguration;
			buildSettings = {
				ASSETCATALOG_COMPILER_APPICON_NAME = AppIcon;
				ASSETCATALOG_COMPILER_LAUNCHIMAGE_NAME = LaunchImage;
				GCC_PRECOMPILE_PREFIX_HEADER = YES;
				GCC_PREFIX_HEADER = "Locate Products/Locate Products-Prefix.pch";
				INFOPLIST_FILE = "Locate Products/Locate Products-Info.plist";
				PRODUCT_NAME = "$(TARGET_NAME)";
				TARGETED_DEVICE_FAMILY = 2;
				WRAPPER_EXTENSION = app;
			};
			name = Debug;
		};
		C160598D19AE1DF800ACF025 /* Release */ = {
			isa = XCBuildConfiguration;
			buildSettings = {
				ASSETCATALOG_COMPILER_APPICON_NAME = AppIcon;
				ASSETCATALOG_COMPILER_LAUNCHIMAGE_NAME = LaunchImage;
				GCC_PRECOMPILE_PREFIX_HEADER = YES;
				GCC_PREFIX_HEADER = "Locate Products/Locate Products-Prefix.pch";
				INFOPLIST_FILE = "Locate Products/Locate Products-Info.plist";
				PRODUCT_NAME = "$(TARGET_NAME)";
				TARGETED_DEVICE_FAMILY = 2;
				WRAPPER_EXTENSION = app;
			};
			name = Release;
		};
		C160598F19AE1DF800ACF025 /* Debug */ = {
			isa = XCBuildConfiguration;
			buildSettings = {
				BUNDLE_LOADER = "$(BUILT_PRODUCTS_DIR)/Locate Products.app/Locate Products";
				FRAMEWORK_SEARCH_PATHS = (
					"$(SDKROOT)/Developer/Library/Frameworks",
					"$(inherited)",
					"$(DEVELOPER_FRAMEWORKS_DIR)",
				);
				GCC_PRECOMPILE_PREFIX_HEADER = YES;
				GCC_PREFIX_HEADER = "Locate Products/Locate Products-Prefix.pch";
				GCC_PREPROCESSOR_DEFINITIONS = (
					"DEBUG=1",
					"$(inherited)",
				);
				INFOPLIST_FILE = "Locate ProductsTests/Locate ProductsTests-Info.plist";
				PRODUCT_NAME = "$(TARGET_NAME)";
				TEST_HOST = "$(BUNDLE_LOADER)";
				WRAPPER_EXTENSION = xctest;
			};
			name = Debug;
		};
		C160599019AE1DF800ACF025 /* Release */ = {
			isa = XCBuildConfiguration;
			buildSettings = {
				BUNDLE_LOADER = "$(BUILT_PRODUCTS_DIR)/Locate Products.app/Locate Products";
				FRAMEWORK_SEARCH_PATHS = (
					"$(SDKROOT)/Developer/Library/Frameworks",
					"$(inherited)",
					"$(DEVELOPER_FRAMEWORKS_DIR)",
				);
				GCC_PRECOMPILE_PREFIX_HEADER = YES;
				GCC_PREFIX_HEADER = "Locate Products/Locate Products-Prefix.pch";
				INFOPLIST_FILE = "Locate ProductsTests/Locate ProductsTests-Info.plist";
				PRODUCT_NAME = "$(TARGET_NAME)";
				TEST_HOST = "$(BUNDLE_LOADER)";
				WRAPPER_EXTENSION = xctest;
			};
			name = Release;
		};
/* End XCBuildConfiguration section */

/* Begin XCConfigurationList section */
		C160594B19AE1DF700ACF025 /* Build configuration list for PBXProject "Locate Products" */ = {
			isa = XCConfigurationList;
			buildConfigurations = (
				C160598919AE1DF800ACF025 /* Debug */,
				C160598A19AE1DF800ACF025 /* Release */,
			);
			defaultConfigurationIsVisible = 0;
			defaultConfigurationName = Release;
		};
		C160598B19AE1DF800ACF025 /* Build configuration list for PBXNativeTarget "Locate Products" */ = {
			isa = XCConfigurationList;
			buildConfigurations = (
				C160598C19AE1DF800ACF025 /* Debug */,
				C160598D19AE1DF800ACF025 /* Release */,
			);
			defaultConfigurationIsVisible = 0;
			defaultConfigurationName = Release;
		};
		C160598E19AE1DF800ACF025 /* Build configuration list for PBXNativeTarget "Locate ProductsTests" */ = {
			isa = XCConfigurationList;
			buildConfigurations = (
				C160598F19AE1DF800ACF025 /* Debug */,
				C160599019AE1DF800ACF025 /* Release */,
			);
			defaultConfigurationIsVisible = 0;
			defaultConfigurationName = Release;
		};
/* End XCConfigurationList section */

/* Begin XCVersionGroup section */
		C160596A19AE1DF800ACF025 /* Locate_Products.xcdatamodeld */ = {
			isa = XCVersionGroup;
			children = (
				C160596B19AE1DF800ACF025 /* Locate_Products.xcdatamodel */,
			);
			currentVersion = C160596B19AE1DF800ACF025 /* Locate_Products.xcdatamodel */;
			path = Locate_Products.xcdatamodeld;
			sourceTree = "<group>";
			versionGroupType = wrapper.xcdatamodel;
		};
/* End XCVersionGroup section */
	};
	rootObject = C160594819AE1DF700ACF025 /* Project object */;
}
